// !$*UTF8*$!
{
	archiveVersion = 1;
	classes = {
	};
	objectVersion = 56;
	objects = {

/* Begin PBXBuildFile section */
		EAE32B762ADE6CED00D74F7A /* BetreqoApp.swift in Sources */ = {isa = PBXBuildFile; fileRef = EAE32B752ADE6CED00D74F7A /* BetreqoApp.swift */; };
		EAE32B782ADE6CED00D74F7A /* ContentView.swift in Sources */ = {isa = PBXBuildFile; fileRef = EAE32B772ADE6CED00D74F7A /* ContentView.swift */; };
		EAE32B7A2ADE6CED00D74F7A /* Assets.xcassets in Resources */ = {isa = PBXBuildFile; fileRef = EAE32B792ADE6CED00D74F7A /* Assets.xcassets */; };
		EAE32B7D2ADE6CED00D74F7A /* Preview Assets.xcassets in Resources */ = {isa = PBXBuildFile; fileRef = EAE32B7C2ADE6CED00D74F7A /* Preview Assets.xcassets */; };
		EAE32B842ADE6DBE00D74F7A /* CustumColor.swift in Sources */ = {isa = PBXBuildFile; fileRef = EAE32B832ADE6DBE00D74F7A /* CustumColor.swift */; };
		EAE32B882ADE6E2A00D74F7A /* ColorPickerView.swift in Sources */ = {isa = PBXBuildFile; fileRef = EAE32B872ADE6E2A00D74F7A /* ColorPickerView.swift */; };
		EAE32B8A2ADE6E6500D74F7A /* Contents.swift in Sources */ = {isa = PBXBuildFile; fileRef = EAE32B892ADE6E6500D74F7A /* Contents.swift */; };
		EAE32B8D2ADE6EEE00D74F7A /* ConfettiSwiftUI in Frameworks */ = {isa = PBXBuildFile; productRef = EAE32B8C2ADE6EEE00D74F7A /* ConfettiSwiftUI */; };
		EAE32B8F2ADE70CD00D74F7A /* SplashScreen.swift in Sources */ = {isa = PBXBuildFile; fileRef = EAE32B8E2ADE70CD00D74F7A /* SplashScreen.swift */; };
		EAE32B922ADE71F300D74F7A /* Ithra in Resources */ = {isa = PBXBuildFile; fileRef = EAE32B912ADE71F300D74F7A /* Ithra */; };
		EAE32B952ADE72C300D74F7A /* MainScreen.swift in Sources */ = {isa = PBXBuildFile; fileRef = EAE32B942ADE72C300D74F7A /* MainScreen.swift */; };
		EAE32B972ADE737300D74F7A /* IntrestScreen.swift in Sources */ = {isa = PBXBuildFile; fileRef = EAE32B962ADE737300D74F7A /* IntrestScreen.swift */; };
		EAF57BA72ADE7C5100112D37 /* ReadingScreen.swift in Sources */ = {isa = PBXBuildFile; fileRef = EAF57BA62ADE7C5100112D37 /* ReadingScreen.swift */; };
		EAF57BA92ADE7D3300112D37 /* story.mp3 in Resources */ = {isa = PBXBuildFile; fileRef = EAF57BA82ADE7D3300112D37 /* story.mp3 */; };
		EAF57BAB2ADE7E4F00112D37 /* DictationScreen.swift in Sources */ = {isa = PBXBuildFile; fileRef = EAF57BAA2ADE7E4F00112D37 /* DictationScreen.swift */; };
		EAF57BAD2ADE820A00112D37 /* CelebrationScreen.swift in Sources */ = {isa = PBXBuildFile; fileRef = EAF57BAC2ADE820A00112D37 /* CelebrationScreen.swift */; };
/* End PBXBuildFile section */

/* Begin PBXFileReference section */
		EAE32B722ADE6CED00D74F7A /* Betreqo.app */ = {isa = PBXFileReference; explicitFileType = wrapper.application; includeInIndex = 0; path = Betreqo.app; sourceTree = BUILT_PRODUCTS_DIR; };
		EAE32B752ADE6CED00D74F7A /* BetreqoApp.swift */ = {isa = PBXFileReference; lastKnownFileType = sourcecode.swift; path = BetreqoApp.swift; sourceTree = "<group>"; };
		EAE32B772ADE6CED00D74F7A /* ContentView.swift */ = {isa = PBXFileReference; lastKnownFileType = sourcecode.swift; path = ContentView.swift; sourceTree = "<group>"; };
		EAE32B792ADE6CED00D74F7A /* Assets.xcassets */ = {isa = PBXFileReference; lastKnownFileType = folder.assetcatalog; path = Assets.xcassets; sourceTree = "<group>"; };
		EAE32B7C2ADE6CED00D74F7A /* Preview Assets.xcassets */ = {isa = PBXFileReference; lastKnownFileType = folder.assetcatalog; path = "Preview Assets.xcassets"; sourceTree = "<group>"; };
		EAE32B832ADE6DBE00D74F7A /* CustumColor.swift */ = {isa = PBXFileReference; lastKnownFileType = sourcecode.swift; path = CustumColor.swift; sourceTree = "<group>"; };
		EAE32B872ADE6E2A00D74F7A /* ColorPickerView.swift */ = {isa = PBXFileReference; lastKnownFileType = sourcecode.swift; path = ColorPickerView.swift; sourceTree = "<group>"; };
		EAE32B892ADE6E6500D74F7A /* Contents.swift */ = {isa = PBXFileReference; lastKnownFileType = sourcecode.swift; path = Contents.swift; sourceTree = "<group>"; };
		EAE32B8E2ADE70CD00D74F7A /* SplashScreen.swift */ = {isa = PBXFileReference; lastKnownFileType = sourcecode.swift; path = SplashScreen.swift; sourceTree = "<group>"; };
		EAE32B912ADE71F300D74F7A /* Ithra */ = {isa = PBXFileReference; lastKnownFileType = file; path = Ithra; sourceTree = "<group>"; };
		EAE32B932ADE726100D74F7A /* Info.plist */ = {isa = PBXFileReference; lastKnownFileType = text.plist; path = Info.plist; sourceTree = "<group>"; };
		EAE32B942ADE72C300D74F7A /* MainScreen.swift */ = {isa = PBXFileReference; lastKnownFileType = sourcecode.swift; path = MainScreen.swift; sourceTree = "<group>"; };
		EAE32B962ADE737300D74F7A /* IntrestScreen.swift */ = {isa = PBXFileReference; lastKnownFileType = sourcecode.swift; path = IntrestScreen.swift; sourceTree = "<group>"; };
		EAF57BA62ADE7C5100112D37 /* ReadingScreen.swift */ = {isa = PBXFileReference; lastKnownFileType = sourcecode.swift; path = ReadingScreen.swift; sourceTree = "<group>"; };
		EAF57BA82ADE7D3300112D37 /* story.mp3 */ = {isa = PBXFileReference; lastKnownFileType = audio.mp3; path = story.mp3; sourceTree = "<group>"; };
		EAF57BAA2ADE7E4F00112D37 /* DictationScreen.swift */ = {isa = PBXFileReference; lastKnownFileType = sourcecode.swift; path = DictationScreen.swift; sourceTree = "<group>"; };
		EAF57BAC2ADE820A00112D37 /* CelebrationScreen.swift */ = {isa = PBXFileReference; lastKnownFileType = sourcecode.swift; path = CelebrationScreen.swift; sourceTree = "<group>"; };
/* End PBXFileReference section */

/* Begin PBXFrameworksBuildPhase section */
		EAE32B6F2ADE6CED00D74F7A /* Frameworks */ = {
			isa = PBXFrameworksBuildPhase;
			buildActionMask = 2147483647;
			files = (
				EAE32B8D2ADE6EEE00D74F7A /* ConfettiSwiftUI in Frameworks */,
			);
			runOnlyForDeploymentPostprocessing = 0;
		};
/* End PBXFrameworksBuildPhase section */

/* Begin PBXGroup section */
		EAE32B692ADE6CEC00D74F7A = {
			isa = PBXGroup;
			children = (
				EAE32B742ADE6CED00D74F7A /* Betreqo */,
				EAE32B732ADE6CED00D74F7A /* Products */,
			);
			sourceTree = "<group>";
		};
		EAE32B732ADE6CED00D74F7A /* Products */ = {
			isa = PBXGroup;
			children = (
				EAE32B722ADE6CED00D74F7A /* Betreqo.app */,
			);
			name = Products;
			sourceTree = "<group>";
		};
		EAE32B742ADE6CED00D74F7A /* Betreqo */ = {
			isa = PBXGroup;
			children = (
				EAE32B932ADE726100D74F7A /* Info.plist */,
				EAE32B902ADE71D200D74F7A /* font */,
				EAE32B752ADE6CED00D74F7A /* BetreqoApp.swift */,
				EAE32B8E2ADE70CD00D74F7A /* SplashScreen.swift */,
				EAE32B772ADE6CED00D74F7A /* ContentView.swift */,
				EAE32B942ADE72C300D74F7A /* MainScreen.swift */,
				EAE32B962ADE737300D74F7A /* IntrestScreen.swift */,
				EAF57BA62ADE7C5100112D37 /* ReadingScreen.swift */,
				EAF57BAA2ADE7E4F00112D37 /* DictationScreen.swift */,
				EAF57BAC2ADE820A00112D37 /* CelebrationScreen.swift */,
				EAE32B792ADE6CED00D74F7A /* Assets.xcassets */,
				EAE32B7B2ADE6CED00D74F7A /* Preview Content */,
				EAE32B832ADE6DBE00D74F7A /* CustumColor.swift */,
				EAE32B872ADE6E2A00D74F7A /* ColorPickerView.swift */,
				EAE32B892ADE6E6500D74F7A /* Contents.swift */,
				EAF57BA82ADE7D3300112D37 /* story.mp3 */,
			);
			path = Betreqo;
			sourceTree = "<group>";
		};
		EAE32B7B2ADE6CED00D74F7A /* Preview Content */ = {
			isa = PBXGroup;
			children = (
				EAE32B7C2ADE6CED00D74F7A /* Preview Assets.xcassets */,
			);
			path = "Preview Content";
			sourceTree = "<group>";
		};
		EAE32B902ADE71D200D74F7A /* font */ = {
			isa = PBXGroup;
			children = (
				EAE32B912ADE71F300D74F7A /* Ithra */,
			);
			path = font;
			sourceTree = "<group>";
		};
/* End PBXGroup section */

/* Begin PBXNativeTarget section */
		EAE32B712ADE6CED00D74F7A /* Betreqo */ = {
			isa = PBXNativeTarget;
			buildConfigurationList = EAE32B802ADE6CED00D74F7A /* Build configuration list for PBXNativeTarget "Betreqo" */;
			buildPhases = (
				EAE32B6E2ADE6CED00D74F7A /* Sources */,
				EAE32B6F2ADE6CED00D74F7A /* Frameworks */,
				EAE32B702ADE6CED00D74F7A /* Resources */,
			);
			buildRules = (
			);
			dependencies = (
			);
			name = Betreqo;
			packageProductDependencies = (
				EAE32B8C2ADE6EEE00D74F7A /* ConfettiSwiftUI */,
			);
			productName = Betreqo;
			productReference = EAE32B722ADE6CED00D74F7A /* Betreqo.app */;
			productType = "com.apple.product-type.application";
		};
/* End PBXNativeTarget section */

/* Begin PBXProject section */
		EAE32B6A2ADE6CEC00D74F7A /* Project object */ = {
			isa = PBXProject;
			attributes = {
				BuildIndependentTargetsInParallel = 1;
				LastSwiftUpdateCheck = 1500;
				LastUpgradeCheck = 1500;
				TargetAttributes = {
					EAE32B712ADE6CED00D74F7A = {
						CreatedOnToolsVersion = 15.0;
					};
				};
			};
			buildConfigurationList = EAE32B6D2ADE6CEC00D74F7A /* Build configuration list for PBXProject "Betreqo" */;
			compatibilityVersion = "Xcode 14.0";
			developmentRegion = en;
			hasScannedForEncodings = 0;
			knownRegions = (
				en,
				Base,
			);
			mainGroup = EAE32B692ADE6CEC00D74F7A;
			packageReferences = (
				EAE32B8B2ADE6EEE00D74F7A /* XCRemoteSwiftPackageReference "ConfettiSwiftUI" */,
			);
			productRefGroup = EAE32B732ADE6CED00D74F7A /* Products */;
			projectDirPath = "";
			projectRoot = "";
			targets = (
				EAE32B712ADE6CED00D74F7A /* Betreqo */,
			);
		};
/* End PBXProject section */

/* Begin PBXResourcesBuildPhase section */
		EAE32B702ADE6CED00D74F7A /* Resources */ = {
			isa = PBXResourcesBuildPhase;
			buildActionMask = 2147483647;
			files = (
				EAF57BA92ADE7D3300112D37 /* story.mp3 in Resources */,
				EAE32B922ADE71F300D74F7A /* Ithra in Resources */,
				EAE32B7D2ADE6CED00D74F7A /* Preview Assets.xcassets in Resources */,
				EAE32B7A2ADE6CED00D74F7A /* Assets.xcassets in Resources */,
			);
			runOnlyForDeploymentPostprocessing = 0;
		};
/* End PBXResourcesBuildPhase section */

/* Begin PBXSourcesBuildPhase section */
		EAE32B6E2ADE6CED00D74F7A /* Sources */ = {
			isa = PBXSourcesBuildPhase;
			buildActionMask = 2147483647;
			files = (
				EAE32B8F2ADE70CD00D74F7A /* SplashScreen.swift in Sources */,
				EAE32B952ADE72C300D74F7A /* MainScreen.swift in Sources */,
				EAE32B882ADE6E2A00D74F7A /* ColorPickerView.swift in Sources */,
				EAE32B8A2ADE6E6500D74F7A /* Contents.swift in Sources */,
				EAF57BA72ADE7C5100112D37 /* ReadingScreen.swift in Sources */,
				EAE32B842ADE6DBE00D74F7A /* CustumColor.swift in Sources */,
				EAE32B782ADE6CED00D74F7A /* ContentView.swift in Sources */,
				EAF57BAB2ADE7E4F00112D37 /* DictationScreen.swift in Sources */,
				EAF57BAD2ADE820A00112D37 /* CelebrationScreen.swift in Sources */,
				EAE32B762ADE6CED00D74F7A /* BetreqoApp.swift in Sources */,
				EAE32B972ADE737300D74F7A /* IntrestScreen.swift in Sources */,
			);
			runOnlyForDeploymentPostprocessing = 0;
		};
/* End PBXSourcesBuildPhase section */

/* Begin XCBuildConfiguration section */
		EAE32B7E2ADE6CED00D74F7A /* Debug */ = {
			isa = XCBuildConfiguration;
			buildSettings = {
				ALWAYS_SEARCH_USER_PATHS = NO;
				ASSETCATALOG_COMPILER_GENERATE_SWIFT_ASSET_SYMBOL_EXTENSIONS = YES;
				CLANG_ANALYZER_NONNULL = YES;
				CLANG_ANALYZER_NUMBER_OBJECT_CONVERSION = YES_AGGRESSIVE;
				CLANG_CXX_LANGUAGE_STANDARD = "gnu++20";
				CLANG_ENABLE_MODULES = YES;
				CLANG_ENABLE_OBJC_ARC = YES;
				CLANG_ENABLE_OBJC_WEAK = YES;
				CLANG_WARN_BLOCK_CAPTURE_AUTORELEASING = YES;
				CLANG_WARN_BOOL_CONVERSION = YES;
				CLANG_WARN_COMMA = YES;
				CLANG_WARN_CONSTANT_CONVERSION = YES;
				CLANG_WARN_DEPRECATED_OBJC_IMPLEMENTATIONS = YES;
				CLANG_WARN_DIRECT_OBJC_ISA_USAGE = YES_ERROR;
				CLANG_WARN_DOCUMENTATION_COMMENTS = YES;
				CLANG_WARN_EMPTY_BODY = YES;
				CLANG_WARN_ENUM_CONVERSION = YES;
				CLANG_WARN_INFINITE_RECURSION = YES;
				CLANG_WARN_INT_CONVERSION = YES;
				CLANG_WARN_NON_LITERAL_NULL_CONVERSION = YES;
				CLANG_WARN_OBJC_IMPLICIT_RETAIN_SELF = YES;
				CLANG_WARN_OBJC_LITERAL_CONVERSION = YES;
				CLANG_WARN_OBJC_ROOT_CLASS = YES_ERROR;
				CLANG_WARN_QUOTED_INCLUDE_IN_FRAMEWORK_HEADER = YES;
				CLANG_WARN_RANGE_LOOP_ANALYSIS = YES;
				CLANG_WARN_STRICT_PROTOTYPES = YES;
				CLANG_WARN_SUSPICIOUS_MOVE = YES;
				CLANG_WARN_UNGUARDED_AVAILABILITY = YES_AGGRESSIVE;
				CLANG_WARN_UNREACHABLE_CODE = YES;
				CLANG_WARN__DUPLICATE_METHOD_MATCH = YES;
				COPY_PHASE_STRIP = NO;
				DEBUG_INFORMATION_FORMAT = dwarf;
				ENABLE_STRICT_OBJC_MSGSEND = YES;
				ENABLE_TESTABILITY = YES;
				ENABLE_USER_SCRIPT_SANDBOXING = YES;
				GCC_C_LANGUAGE_STANDARD = gnu17;
				GCC_DYNAMIC_NO_PIC = NO;
				GCC_NO_COMMON_BLOCKS = YES;
				GCC_OPTIMIZATION_LEVEL = 0;
				GCC_PREPROCESSOR_DEFINITIONS = (
					"DEBUG=1",
					"$(inherited)",
				);
				GCC_WARN_64_TO_32_BIT_CONVERSION = YES;
				GCC_WARN_ABOUT_RETURN_TYPE = YES_ERROR;
				GCC_WARN_UNDECLARED_SELECTOR = YES;
				GCC_WARN_UNINITIALIZED_AUTOS = YES_AGGRESSIVE;
				GCC_WARN_UNUSED_FUNCTION = YES;
				GCC_WARN_UNUSED_VARIABLE = YES;
				IPHONEOS_DEPLOYMENT_TARGET = 17.0;
				LOCALIZATION_PREFERS_STRING_CATALOGS = YES;
				MTL_ENABLE_DEBUG_INFO = INCLUDE_SOURCE;
				MTL_FAST_MATH = YES;
				ONLY_ACTIVE_ARCH = YES;
				SDKROOT = iphoneos;
				SWIFT_ACTIVE_COMPILATION_CONDITIONS = "DEBUG $(inherited)";
				SWIFT_OPTIMIZATION_LEVEL = "-Onone";
			};
			name = Debug;
		};
		EAE32B7F2ADE6CED00D74F7A /* Release */ = {
			isa = XCBuildConfiguration;
			buildSettings = {
				ALWAYS_SEARCH_USER_PATHS = NO;
				ASSETCATALOG_COMPILER_GENERATE_SWIFT_ASSET_SYMBOL_EXTENSIONS = YES;
				CLANG_ANALYZER_NONNULL = YES;
				CLANG_ANALYZER_NUMBER_OBJECT_CONVERSION = YES_AGGRESSIVE;
				CLANG_CXX_LANGUAGE_STANDARD = "gnu++20";
				CLANG_ENABLE_MODULES = YES;
				CLANG_ENABLE_OBJC_ARC = YES;
				CLANG_ENABLE_OBJC_WEAK = YES;
				CLANG_WARN_BLOCK_CAPTURE_AUTORELEASING = YES;
				CLANG_WARN_BOOL_CONVERSION = YES;
				CLANG_WARN_COMMA = YES;
				CLANG_WARN_CONSTANT_CONVERSION = YES;
				CLANG_WARN_DEPRECATED_OBJC_IMPLEMENTATIONS = YES;
				CLANG_WARN_DIRECT_OBJC_ISA_USAGE = YES_ERROR;
				CLANG_WARN_DOCUMENTATION_COMMENTS = YES;
				CLANG_WARN_EMPTY_BODY = YES;
				CLANG_WARN_ENUM_CONVERSION = YES;
				CLANG_WARN_INFINITE_RECURSION = YES;
				CLANG_WARN_INT_CONVERSION = YES;
				CLANG_WARN_NON_LITERAL_NULL_CONVERSION = YES;
				CLANG_WARN_OBJC_IMPLICIT_RETAIN_SELF = YES;
				CLANG_WARN_OBJC_LITERAL_CONVERSION = YES;
				CLANG_WARN_OBJC_ROOT_CLASS = YES_ERROR;
				CLANG_WARN_QUOTED_INCLUDE_IN_FRAMEWORK_HEADER = YES;
				CLANG_WARN_RANGE_LOOP_ANALYSIS = YES;
				CLANG_WARN_STRICT_PROTOTYPES = YES;
				CLANG_WARN_SUSPICIOUS_MOVE = YES;
				CLANG_WARN_UNGUARDED_AVAILABILITY = YES_AGGRESSIVE;
				CLANG_WARN_UNREACHABLE_CODE = YES;
				CLANG_WARN__DUPLICATE_METHOD_MATCH = YES;
				COPY_PHASE_STRIP = NO;
				DEBUG_INFORMATION_FORMAT = "dwarf-with-dsym";
				ENABLE_NS_ASSERTIONS = NO;
				ENABLE_STRICT_OBJC_MSGSEND = YES;
				ENABLE_USER_SCRIPT_SANDBOXING = YES;
				GCC_C_LANGUAGE_STANDARD = gnu17;
				GCC_NO_COMMON_BLOCKS = YES;
				GCC_WARN_64_TO_32_BIT_CONVERSION = YES;
				GCC_WARN_ABOUT_RETURN_TYPE = YES_ERROR;
				GCC_WARN_UNDECLARED_SELECTOR = YES;
				GCC_WARN_UNINITIALIZED_AUTOS = YES_AGGRESSIVE;
				GCC_WARN_UNUSED_FUNCTION = YES;
				GCC_WARN_UNUSED_VARIABLE = YES;
				IPHONEOS_DEPLOYMENT_TARGET = 17.0;
				LOCALIZATION_PREFERS_STRING_CATALOGS = YES;
				MTL_ENABLE_DEBUG_INFO = NO;
				MTL_FAST_MATH = YES;
				SDKROOT = iphoneos;
				SWIFT_COMPILATION_MODE = wholemodule;
				VALIDATE_PRODUCT = YES;
			};
			name = Release;
		};
		EAE32B812ADE6CED00D74F7A /* Debug */ = {
			isa = XCBuildConfiguration;
			buildSettings = {
				ASSETCATALOG_COMPILER_APPICON_NAME = AppIcon;
				ASSETCATALOG_COMPILER_GLOBAL_ACCENT_COLOR_NAME = AccentColor;
				CODE_SIGN_STYLE = Automatic;
				CURRENT_PROJECT_VERSION = 1;
				DEVELOPMENT_ASSET_PATHS = "\"Betreqo/Preview Content\"";
				ENABLE_PREVIEWS = YES;
				GENERATE_INFOPLIST_FILE = YES;
				INFOPLIST_FILE = Betreqo/Info.plist;
				INFOPLIST_KEY_UIApplicationSceneManifest_Generation = YES;
				INFOPLIST_KEY_UIApplicationSupportsIndirectInputEvents = YES;
				INFOPLIST_KEY_UILaunchScreen_Generation = YES;
				INFOPLIST_KEY_UISupportedInterfaceOrientations_iPad = "UIInterfaceOrientationPortrait UIInterfaceOrientationPortraitUpsideDown UIInterfaceOrientationLandscapeLeft UIInterfaceOrientationLandscapeRight";
				INFOPLIST_KEY_UISupportedInterfaceOrientations_iPhone = "UIInterfaceOrientationPortrait UIInterfaceOrientationLandscapeLeft UIInterfaceOrientationLandscapeRight";
				LD_RUNPATH_SEARCH_PATHS = (
					"$(inherited)",
					"@executable_path/Frameworks",
				);
				MARKETING_VERSION = 1.0;
				PRODUCT_BUNDLE_IDENTIFIER = aple.Betreqo;
				PRODUCT_NAME = "$(TARGET_NAME)";
				SWIFT_EMIT_LOC_STRINGS = YES;
				SWIFT_VERSION = 5.0;
				TARGETED_DEVICE_FAMILY = "1,2";
			};
			name = Debug;
		};
		EAE32B822ADE6CED00D74F7A /* Release */ = {
			isa = XCBuildConfiguration;
			buildSettings = {
				ASSETCATALOG_COMPILER_APPICON_NAME = AppIcon;
				ASSETCATALOG_COMPILER_GLOBAL_ACCENT_COLOR_NAME = AccentColor;
				CODE_SIGN_STYLE = Automatic;
				CURRENT_PROJECT_VERSION = 1;
				DEVELOPMENT_ASSET_PATHS = "\"Betreqo/Preview Content\"";
				ENABLE_PREVIEWS = YES;
				GENERATE_INFOPLIST_FILE = YES;
				INFOPLIST_FILE = Betreqo/Info.plist;
				INFOPLIST_KEY_UIApplicationSceneManifest_Generation = YES;
				INFOPLIST_KEY_UIApplicationSupportsIndirectInputEvents = YES;
				INFOPLIST_KEY_UILaunchScreen_Generation = YES;
				INFOPLIST_KEY_UISupportedInterfaceOrientations_iPad = "UIInterfaceOrientationPortrait UIInterfaceOrientationPortraitUpsideDown UIInterfaceOrientationLandscapeLeft UIInterfaceOrientationLandscapeRight";
				INFOPLIST_KEY_UISupportedInterfaceOrientations_iPhone = "UIInterfaceOrientationPortrait UIInterfaceOrientationLandscapeLeft UIInterfaceOrientationLandscapeRight";
				LD_RUNPATH_SEARCH_PATHS = (
					"$(inherited)",
					"@executable_path/Frameworks",
				);
				MARKETING_VERSION = 1.0;
				PRODUCT_BUNDLE_IDENTIFIER = aple.Betreqo;
				PRODUCT_NAME = "$(TARGET_NAME)";
				SWIFT_EMIT_LOC_STRINGS = YES;
				SWIFT_VERSION = 5.0;
				TARGETED_DEVICE_FAMILY = "1,2";
			};
			name = Release;
		};
/* End XCBuildConfiguration section */

/* Begin XCConfigurationList section */
		EAE32B6D2ADE6CEC00D74F7A /* Build configuration list for PBXProject "Betreqo" */ = {
			isa = XCConfigurationList;
			buildConfigurations = (
				EAE32B7E2ADE6CED00D74F7A /* Debug */,
				EAE32B7F2ADE6CED00D74F7A /* Release */,
			);
			defaultConfigurationIsVisible = 0;
			defaultConfigurationName = Release;
		};
		EAE32B802ADE6CED00D74F7A /* Build configuration list for PBXNativeTarget "Betreqo" */ = {
			isa = XCConfigurationList;
			buildConfigurations = (
				EAE32B812ADE6CED00D74F7A /* Debug */,
				EAE32B822ADE6CED00D74F7A /* Release */,
			);
			defaultConfigurationIsVisible = 0;
			defaultConfigurationName = Release;
		};
/* End XCConfigurationList section */

/* Begin XCRemoteSwiftPackageReference section */
		EAE32B8B2ADE6EEE00D74F7A /* XCRemoteSwiftPackageReference "ConfettiSwiftUI" */ = {
			isa = XCRemoteSwiftPackageReference;
			repositoryURL = "https://github.com/simibac/ConfettiSwiftUI.git";
			requirement = {
				kind = upToNextMajorVersion;
				minimumVersion = 1.1.0;
			};
		};
/* End XCRemoteSwiftPackageReference section */

/* Begin XCSwiftPackageProductDependency section */
		EAE32B8C2ADE6EEE00D74F7A /* ConfettiSwiftUI */ = {
			isa = XCSwiftPackageProductDependency;
			package = EAE32B8B2ADE6EEE00D74F7A /* XCRemoteSwiftPackageReference "ConfettiSwiftUI" */;
			productName = ConfettiSwiftUI;
		};
/* End XCSwiftPackageProductDependency section */
	};
	rootObject = EAE32B6A2ADE6CEC00D74F7A /* Project object */;
}
